version = 1
revision = 3
requires-python = ">=3.11"

[[package]]
name = "ensure"
version = "1.0.4"
source = { registry = "https://pypi.org/simple" }
dependencies = [
    { name = "six" },
]
sdist = { url = "https://files.pythonhosted.org/packages/14/b4/3c6b1c6af40fbd60bd1b2f0f8b55a8cbbc0993d4019a428b99e86f7bdee9/ensure-1.0.4.tar.gz", hash = "sha256:41b9093d591b5c25ee3c65c36da153b89abfcb7acb21ecebf21944704934f9b0", size = 21471, upload-time = "2023-12-10T03:32:42.788Z" }
wheels = [
    { url = "https://files.pythonhosted.org/packages/53/34/076953d6007a5eeaa2fdd2f78c23bdf4ba1926f3cd334d59af34f354ecc6/ensure-1.0.4-py3-none-any.whl", hash = "sha256:ad88628482eac9bf91dd147ae677f26aeac6c65e1c91a161a0306dbd83f6efd9", size = 15564, upload-time = "2023-12-10T03:32:40.453Z" },
]

[[package]]
name = "joblib"
version = "1.5.3"
source = { registry = "https://pypi.org/simple" }
sdist = { url = "https://files.pythonhosted.org/packages/41/f2/d34e8b3a08a9cc79a50b2208a93dce981fe615b64d5a4d4abee421d898df/joblib-1.5.3.tar.gz", hash = "sha256:8561a3269e6801106863fd0d6d84bb737be9e7631e33aaed3fb9ce5953688da3", size = 331603, upload-time = "2025-12-15T08:41:46.427Z" }
wheels = [
    { url = "https://files.pythonhosted.org/packages/7b/91/984aca2ec129e2757d1e4e3c81c3fcda9d0f85b74670a094cc443d9ee949/joblib-1.5.3-py3-none-any.whl", hash = "sha256:5fc3c5039fc5ca8c0276333a188bbd59d6b7ab37fe6632daa76bc7f9ec18e713", size = 309071, upload-time = "2025-12-15T08:41:44.973Z" },
]

[[package]]
name = "myfirstnewproject"
version = "0.1.0"
source = { virtual = "." }
dependencies = [
    { name = "ensure" },
    { name = "joblib" },
    { name = "pathlib" },
    { name = "python-box" },
]

[package.metadata]
requires-dist = [
    { name = "ensure", specifier = ">=1.0.4" },
    { name = "joblib", specifier = ">=1.5.3" },
    { name = "pathlib", specifier = ">=1.0.1" },
    { name = "python-box", specifier = ">=7.3.2" },
]

[[package]]
name = "pathlib"
version = "1.0.1"
source = { registry = "https://pypi.org/simple" }
sdist = { url = "https://files.pythonhosted.org/packages/ac/aa/9b065a76b9af472437a0059f77e8f962fe350438b927cb80184c32f075eb/pathlib-1.0.1.tar.gz", hash = "sha256:6940718dfc3eff4258203ad5021090933e5c04707d5ca8cc9e73c94a7894ea9f", size = 49298, upload-time = "2014-09-03T15:41:57.18Z" }
wheels = [
    { url = "https://files.pythonhosted.org/packages/78/f9/690a8600b93c332de3ab4a344a4ac34f00c8f104917061f779db6a918ed6/pathlib-1.0.1-py3-none-any.whl", hash = "sha256:f35f95ab8b0f59e6d354090350b44a80a80635d22efdedfa84c7ad1cf0a74147", size = 14363, upload-time = "2022-05-04T13:37:20.585Z" },
]

[[package]]
name = "python-box"
version = "7.3.2"
source = { registry = "https://pypi.org/simple" }
sdist = { url = "https://files.pythonhosted.org/packages/29/f7/635eed8c500adf26208e86e985bbffb6ff039cd8950e3a4749ceca904218/python_box-7.3.2.tar.gz", hash = "sha256:028b9917129e67f311932d93347b8a4f1b500d7a5a2870ee3c035f4e7b19403b", size = 45771, upload-time = "2025-01-16T19:10:05.221Z" }
wheels = [
    { url = "https://files.pythonhosted.org/packages/1e/3f/133619c00d8a9d4f86efd8626c0e4ec356c8b8dabac66da18dac5cfaf70c/python_box-7.3.2-cp311-cp311-macosx_10_9_universal2.whl", hash = "sha256:32163b1cb151883de0da62b0cd3572610dc72ccf0762f2447baf1d2562e25bea", size = 1834122, upload-time = "2025-01-16T19:10:27.886Z" },
    { url = "https://files.pythonhosted.org/packages/b7/52/51b6081562daa864847692536260200b337ccb4176d1e5f626ae48a7d493/python_box-7.3.2-cp311-cp311-manylinux_2_17_x86_64.manylinux2014_x86_64.whl", hash = "sha256:064cb59b41e25aaf7dbd39efe53151a5f6797cc1cb3c68610f0f21a9d406d67e", size = 4305556, upload-time = "2025-01-16T19:15:29.286Z" },
    { url = "https://files.pythonhosted.org/packages/d4/e2/6cdc8649381ae14def88c3e2e93d5b8b17a622a95896e0d1c92861270b7d/python_box-7.3.2-cp311-cp311-win_amd64.whl", hash = "sha256:488f0fba9a6416c3334b602366dcd92825adb0811e07e03753dfcf0ed79cd6f7", size = 1232328, upload-time = "2025-01-16T19:11:37.676Z" },
    { url = "https://files.pythonhosted.org/packages/45/68/0c2f289d8055d3e1b156ff258847f0e8f1010063e284cf5a612f09435575/python_box-7.3.2-cp312-cp312-macosx_10_13_universal2.whl", hash = "sha256:39009a2da5c20133718b24891a206592adbe09169856aedc450ad1600fc2e511", size = 1819681, upload-time = "2025-01-16T19:10:25.187Z" },
    { url = "https://files.pythonhosted.org/packages/ce/5d/76b4d6d0e41edb676a229f032848a1ecea166890fa8d501513ea1a030f4d/python_box-7.3.2-cp312-cp312-manylinux_2_17_x86_64.manylinux2014_x86_64.whl", hash = "sha256:2e2a72e2f6fb97c7e472ff3272da207ecc615aa222e52e98352391428527c469", size = 4270424, upload-time = "2025-01-16T19:15:32.376Z" },
    { url = "https://files.pythonhosted.org/packages/e4/6b/32484b2a3cd2fb5e5f56bfb53a4537d93a4d2014ccf7fc0c0017fa6f65e9/python_box-7.3.2-cp312-cp312-win_amd64.whl", hash = "sha256:9eead914b9fb7d98a1473f5027dcfe27d26b3a10ffa33b9ba22cf948a23cd280", size = 1211252, upload-time = "2025-01-16T19:11:00.248Z" },
    { url = "https://files.pythonhosted.org/packages/2f/39/8bec609e93dbc5e0d3ea26cfb5af3ca78915f7a55ef5414713462fedeb59/python_box-7.3.2-cp313-cp313-macosx_10_13_universal2.whl", hash = "sha256:1dfc3b9b073f3d7cad1fa90de98eaaa684a494d0574bbc0666f74fa8307fd6b6", size = 1804675, upload-time = "2025-01-16T19:10:23.281Z" },
    { url = "https://files.pythonhosted.org/packages/88/ae/baf3a8057d8129896a7e02619df43ea0d918fc5b2bb66eb6e2470595fbac/python_box-7.3.2-cp313-cp313-manylinux_2_17_x86_64.manylinux2014_x86_64.whl", hash = "sha256:3ca4685a7f764b5a71b6e08535ce2a96b7964bb63d8cb4df10f6bb7147b6c54b", size = 4265645, upload-time = "2025-01-16T19:15:34.087Z" },
    { url = "https://files.pythonhosted.org/packages/43/90/72367e03033c11a5e82676ee389b572bf136647ff4e3081557392b37e1ad/python_box-7.3.2-cp313-cp313-win_amd64.whl", hash = "sha256:e143295f74d47a9ab24562ead2375c9be10629599b57f2e86717d3fff60f82a9", size = 1206740, upload-time = "2025-01-16T19:11:30.635Z" },
    { url = "https://files.pythonhosted.org/packages/37/13/8a990c6e2b6cc12700dce16f3cb383324e6d9a30f604eca22a2fdf84c923/python_box-7.3.2-py3-none-any.whl", hash = "sha256:fd7d74d5a848623f93b5221fd9fb00b8c00ff0e130fa87f396277aa188659c92", size = 29479, upload-time = "2025-01-16T19:10:02.749Z" },
]

[[package]]
name = "six"
version = "1.17.0"
source = { registry = "https://pypi.org/simple" }
sdist = { url = "https://files.pythonhosted.org/packages/94/e7/b2c673351809dca68a0e064b6af791aa332cf192da575fd474ed7d6f16a2/six-1.17.0.tar.gz", hash = "sha256:ff70335d468e7eb6ec65b95b99d3a2836546063f63acc5171de367e834932a81", size = 34031, upload-time = "2024-12-04T17:35:28.174Z" }
wheels = [
    { url = "https://files.pythonhosted.org/packages/b7/ce/149a00dd41f10bc29e5921b496af8b574d8413afcd5e30dfa0ed46c2cc5e/six-1.17.0-py2.py3-none-any.whl", hash = "sha256:4721f391ed90541fddacab5acf947aa0d3dc7d27b2e1e8eda2be8970586c3274", size = 11050, upload-time = "2024-12-04T17:35:26.475Z" },
]
