version = 1
revision = 3
requires-python = ">=3.11"

[[package]]
name = "myfirstnewproject"
version = "0.1.0"
source = { virtual = "." }
dependencies = [
    { name = "python-box" },
]

[package.metadata]
requires-dist = [{ name = "python-box", specifier = ">=7.3.2" }]

[[package]]
name = "python-box"
version = "7.3.2"
source = { registry = "https://pypi.org/simple" }
sdist = { url = "https://files.pythonhosted.org/packages/29/f7/635eed8c500adf26208e86e985bbffb6ff039cd8950e3a4749ceca904218/python_box-7.3.2.tar.gz", hash = "sha256:028b9917129e67f311932d93347b8a4f1b500d7a5a2870ee3c035f4e7b19403b", size = 45771, upload-time = "2025-01-16T19:10:05.221Z" }
wheels = [
    { url = "https://files.pythonhosted.org/packages/1e/3f/133619c00d8a9d4f86efd8626c0e4ec356c8b8dabac66da18dac5cfaf70c/python_box-7.3.2-cp311-cp311-macosx_10_9_universal2.whl", hash = "sha256:32163b1cb151883de0da62b0cd3572610dc72ccf0762f2447baf1d2562e25bea", size = 1834122, upload-time = "2025-01-16T19:10:27.886Z" },
    { url = "https://files.pythonhosted.org/packages/b7/52/51b6081562daa864847692536260200b337ccb4176d1e5f626ae48a7d493/python_box-7.3.2-cp311-cp311-manylinux_2_17_x86_64.manylinux2014_x86_64.whl", hash = "sha256:064cb59b41e25aaf7dbd39efe53151a5f6797cc1cb3c68610f0f21a9d406d67e", size = 4305556, upload-time = "2025-01-16T19:15:29.286Z" },
    { url = "https://files.pythonhosted.org/packages/d4/e2/6cdc8649381ae14def88c3e2e93d5b8b17a622a95896e0d1c92861270b7d/python_box-7.3.2-cp311-cp311-win_amd64.whl", hash = "sha256:488f0fba9a6416c3334b602366dcd92825adb0811e07e03753dfcf0ed79cd6f7", size = 1232328, upload-time = "2025-01-16T19:11:37.676Z" },
    { url = "https://files.pythonhosted.org/packages/45/68/0c2f289d8055d3e1b156ff258847f0e8f1010063e284cf5a612f09435575/python_box-7.3.2-cp312-cp312-macosx_10_13_universal2.whl", hash = "sha256:39009a2da5c20133718b24891a206592adbe09169856aedc450ad1600fc2e511", size = 1819681, upload-time = "2025-01-16T19:10:25.187Z" },
    { url = "https://files.pythonhosted.org/packages/ce/5d/76b4d6d0e41edb676a229f032848a1ecea166890fa8d501513ea1a030f4d/python_box-7.3.2-cp312-cp312-manylinux_2_17_x86_64.manylinux2014_x86_64.whl", hash = "sha256:2e2a72e2f6fb97c7e472ff3272da207ecc615aa222e52e98352391428527c469", size = 4270424, upload-time = "2025-01-16T19:15:32.376Z" },
    { url = "https://files.pythonhosted.org/packages/e4/6b/32484b2a3cd2fb5e5f56bfb53a4537d93a4d2014ccf7fc0c0017fa6f65e9/python_box-7.3.2-cp312-cp312-win_amd64.whl", hash = "sha256:9eead914b9fb7d98a1473f5027dcfe27d26b3a10ffa33b9ba22cf948a23cd280", size = 1211252, upload-time = "2025-01-16T19:11:00.248Z" },
    { url = "https://files.pythonhosted.org/packages/2f/39/8bec609e93dbc5e0d3ea26cfb5af3ca78915f7a55ef5414713462fedeb59/python_box-7.3.2-cp313-cp313-macosx_10_13_universal2.whl", hash = "sha256:1dfc3b9b073f3d7cad1fa90de98eaaa684a494d0574bbc0666f74fa8307fd6b6", size = 1804675, upload-time = "2025-01-16T19:10:23.281Z" },
    { url = "https://files.pythonhosted.org/packages/88/ae/baf3a8057d8129896a7e02619df43ea0d918fc5b2bb66eb6e2470595fbac/python_box-7.3.2-cp313-cp313-manylinux_2_17_x86_64.manylinux2014_x86_64.whl", hash = "sha256:3ca4685a7f764b5a71b6e08535ce2a96b7964bb63d8cb4df10f6bb7147b6c54b", size = 4265645, upload-time = "2025-01-16T19:15:34.087Z" },
    { url = "https://files.pythonhosted.org/packages/43/90/72367e03033c11a5e82676ee389b572bf136647ff4e3081557392b37e1ad/python_box-7.3.2-cp313-cp313-win_amd64.whl", hash = "sha256:e143295f74d47a9ab24562ead2375c9be10629599b57f2e86717d3fff60f82a9", size = 1206740, upload-time = "2025-01-16T19:11:30.635Z" },
    { url = "https://files.pythonhosted.org/packages/37/13/8a990c6e2b6cc12700dce16f3cb383324e6d9a30f604eca22a2fdf84c923/python_box-7.3.2-py3-none-any.whl", hash = "sha256:fd7d74d5a848623f93b5221fd9fb00b8c00ff0e130fa87f396277aa188659c92", size = 29479, upload-time = "2025-01-16T19:10:02.749Z" },
]
